
Microsoft Visual Studio Solution File, Format Version 12.00
# Visual Studio Version 16
VisualStudioVersion = 16.0.29613.14
MinimumVisualStudioVersion = 10.0.40219.1
Project("{D954291E-2A0B-460D-934E-DC6B0785DB48}") = "SahabatSurabaya.Shared", "SahabatSurabaya\SahabatSurabaya.Shared\SahabatSurabaya.Shared.shproj", "{6279C845-92F8-4333-AB99-3D213163593C}"
EndProject
Project("{FAE04EC0-301F-11D3-BF4B-00C04F79EFBC}") = "SahabatSurabaya.Droid", "SahabatSurabaya\SahabatSurabaya.Droid\SahabatSurabaya.Droid.csproj", "{E7F092C6-D3E2-44E3-9DB1-582F601AC2E8}"
EndProject
Project("{FAE04EC0-301F-11D3-BF4B-00C04F79EFBC}") = "SahabatSurabaya.iOS", "SahabatSurabaya\SahabatSurabaya.iOS\SahabatSurabaya.iOS.csproj", "{94A5E694-4910-4BC1-A3A3-945BCCF310D3}"
EndProject
Project("{FAE04EC0-301F-11D3-BF4B-00C04F79EFBC}") = "SahabatSurabaya.UWP", "SahabatSurabaya\SahabatSurabaya.UWP\SahabatSurabaya.UWP.csproj", "{6983D502-0415-4F68-A916-99D7E6F81EBB}"
EndProject
Project("{9A19103F-16F7-4668-BE54-9A1E7A4F7556}") = "SahabatSurabaya.Wasm", "SahabatSurabaya\SahabatSurabaya.Wasm\SahabatSurabaya.Wasm.csproj", "{45FA9BBA-0358-415C-9768-4184C5E2DE80}"
EndProject
Global
	GlobalSection(SharedMSBuildProjectFiles) = preSolution
		SahabatSurabaya\SahabatSurabaya.Shared\SahabatSurabaya.Shared.projitems*{45fa9bba-0358-415c-9768-4184c5e2de80}*SharedItemsImports = 5
		SahabatSurabaya\SahabatSurabaya.Shared\SahabatSurabaya.Shared.projitems*{6279c845-92f8-4333-ab99-3d213163593c}*SharedItemsImports = 13
		SahabatSurabaya\SahabatSurabaya.Shared\SahabatSurabaya.Shared.projitems*{6983d502-0415-4f68-a916-99d7e6f81ebb}*SharedItemsImports = 4
		SahabatSurabaya\SahabatSurabaya.Shared\SahabatSurabaya.Shared.projitems*{94a5e694-4910-4bc1-a3a3-945bccf310d3}*SharedItemsImports = 4
		SahabatSurabaya\SahabatSurabaya.Shared\SahabatSurabaya.Shared.projitems*{e7f092c6-d3e2-44e3-9db1-582f601ac2e8}*SharedItemsImports = 4
	EndGlobalSection
	GlobalSection(SolutionConfigurationPlatforms) = preSolution
		Ad-Hoc|Any CPU = Ad-Hoc|Any CPU
		Ad-Hoc|ARM = Ad-Hoc|ARM
		Ad-Hoc|iPhone = Ad-Hoc|iPhone
		Ad-Hoc|iPhoneSimulator = Ad-Hoc|iPhoneSimulator
		Ad-Hoc|x64 = Ad-Hoc|x64
		Ad-Hoc|x86 = Ad-Hoc|x86
		AppStore|Any CPU = AppStore|Any CPU
		AppStore|ARM = AppStore|ARM
		AppStore|iPhone = AppStore|iPhone
		AppStore|iPhoneSimulator = AppStore|iPhoneSimulator
		AppStore|x64 = AppStore|x64
		AppStore|x86 = AppStore|x86
		Debug|Any CPU = Debug|Any CPU
		Debug|ARM = Debug|ARM
		Debug|iPhone = Debug|iPhone
		Debug|iPhoneSimulator = Debug|iPhoneSimulator
		Debug|x64 = Debug|x64
		Debug|x86 = Debug|x86
		Release|Any CPU = Release|Any CPU
		Release|ARM = Release|ARM
		Release|iPhone = Release|iPhone
		Release|iPhoneSimulator = Release|iPhoneSimulator
		Release|x64 = Release|x64
		Release|x86 = Release|x86
	EndGlobalSection
	GlobalSection(ProjectConfigurationPlatforms) = postSolution
		{E7F092C6-D3E2-44E3-9DB1-582F601AC2E8}.Ad-Hoc|Any CPU.ActiveCfg = Release|Any CPU
		{E7F092C6-D3E2-44E3-9DB1-582F601AC2E8}.Ad-Hoc|Any CPU.Build.0 = Release|Any CPU
		{E7F092C6-D3E2-44E3-9DB1-582F601AC2E8}.Ad-Hoc|Any CPU.Deploy.0 = Release|Any CPU
		{E7F092C6-D3E2-44E3-9DB1-582F601AC2E8}.Ad-Hoc|ARM.ActiveCfg = Release|Any CPU
		{E7F092C6-D3E2-44E3-9DB1-582F601AC2E8}.Ad-Hoc|ARM.Build.0 = Release|Any CPU
		{E7F092C6-D3E2-44E3-9DB1-582F601AC2E8}.Ad-Hoc|ARM.Deploy.0 = Release|Any CPU
		{E7F092C6-D3E2-44E3-9DB1-582F601AC2E8}.Ad-Hoc|iPhone.ActiveCfg = Release|Any CPU
		{E7F092C6-D3E2-44E3-9DB1-582F601AC2E8}.Ad-Hoc|iPhone.Build.0 = Release|Any CPU
		{E7F092C6-D3E2-44E3-9DB1-582F601AC2E8}.Ad-Hoc|iPhone.Deploy.0 = Release|Any CPU
		{E7F092C6-D3E2-44E3-9DB1-582F601AC2E8}.Ad-Hoc|iPhoneSimulator.ActiveCfg = Release|Any CPU
		{E7F092C6-D3E2-44E3-9DB1-582F601AC2E8}.Ad-Hoc|iPhoneSimulator.Build.0 = Release|Any CPU
		{E7F092C6-D3E2-44E3-9DB1-582F601AC2E8}.Ad-Hoc|iPhoneSimulator.Deploy.0 = Release|Any CPU
		{E7F092C6-D3E2-44E3-9DB1-582F601AC2E8}.Ad-Hoc|x64.ActiveCfg = Release|Any CPU
		{E7F092C6-D3E2-44E3-9DB1-582F601AC2E8}.Ad-Hoc|x64.Build.0 = Release|Any CPU
		{E7F092C6-D3E2-44E3-9DB1-582F601AC2E8}.Ad-Hoc|x64.Deploy.0 = Release|Any CPU
		{E7F092C6-D3E2-44E3-9DB1-582F601AC2E8}.Ad-Hoc|x86.ActiveCfg = Release|Any CPU
		{E7F092C6-D3E2-44E3-9DB1-582F601AC2E8}.Ad-Hoc|x86.Build.0 = Release|Any CPU
		{E7F092C6-D3E2-44E3-9DB1-582F601AC2E8}.Ad-Hoc|x86.Deploy.0 = Release|Any CPU
		{E7F092C6-D3E2-44E3-9DB1-582F601AC2E8}.AppStore|Any CPU.ActiveCfg = Release|Any CPU
		{E7F092C6-D3E2-44E3-9DB1-582F601AC2E8}.AppStore|Any CPU.Build.0 = Release|Any CPU
		{E7F092C6-D3E2-44E3-9DB1-582F601AC2E8}.AppStore|Any CPU.Deploy.0 = Release|Any CPU
		{E7F092C6-D3E2-44E3-9DB1-582F601AC2E8}.AppStore|ARM.ActiveCfg = Release|Any CPU
		{E7F092C6-D3E2-44E3-9DB1-582F601AC2E8}.AppStore|ARM.Build.0 = Release|Any CPU
		{E7F092C6-D3E2-44E3-9DB1-582F601AC2E8}.AppStore|ARM.Deploy.0 = Release|Any CPU
		{E7F092C6-D3E2-44E3-9DB1-582F601AC2E8}.AppStore|iPhone.ActiveCfg = Release|Any CPU
		{E7F092C6-D3E2-44E3-9DB1-582F601AC2E8}.AppStore|iPhone.Build.0 = Release|Any CPU
		{E7F092C6-D3E2-44E3-9DB1-582F601AC2E8}.AppStore|iPhone.Deploy.0 = Release|Any CPU
		{E7F092C6-D3E2-44E3-9DB1-582F601AC2E8}.AppStore|iPhoneSimulator.ActiveCfg = Release|Any CPU
		{E7F092C6-D3E2-44E3-9DB1-582F601AC2E8}.AppStore|iPhoneSimulator.Build.0 = Release|Any CPU
		{E7F092C6-D3E2-44E3-9DB1-582F601AC2E8}.AppStore|iPhoneSimulator.Deploy.0 = Release|Any CPU
		{E7F092C6-D3E2-44E3-9DB1-582F601AC2E8}.AppStore|x64.ActiveCfg = Release|Any CPU
		{E7F092C6-D3E2-44E3-9DB1-582F601AC2E8}.AppStore|x64.Build.0 = Release|Any CPU
		{E7F092C6-D3E2-44E3-9DB1-582F601AC2E8}.AppStore|x64.Deploy.0 = Release|Any CPU
		{E7F092C6-D3E2-44E3-9DB1-582F601AC2E8}.AppStore|x86.ActiveCfg = Release|Any CPU
		{E7F092C6-D3E2-44E3-9DB1-582F601AC2E8}.AppStore|x86.Build.0 = Release|Any CPU
		{E7F092C6-D3E2-44E3-9DB1-582F601AC2E8}.AppStore|x86.Deploy.0 = Release|Any CPU
		{E7F092C6-D3E2-44E3-9DB1-582F601AC2E8}.Debug|Any CPU.ActiveCfg = Debug|Any CPU
		{E7F092C6-D3E2-44E3-9DB1-582F601AC2E8}.Debug|Any CPU.Build.0 = Debug|Any CPU
		{E7F092C6-D3E2-44E3-9DB1-582F601AC2E8}.Debug|Any CPU.Deploy.0 = Debug|Any CPU
		{E7F092C6-D3E2-44E3-9DB1-582F601AC2E8}.Debug|ARM.ActiveCfg = Debug|Any CPU
		{E7F092C6-D3E2-44E3-9DB1-582F601AC2E8}.Debug|ARM.Build.0 = Debug|Any CPU
		{E7F092C6-D3E2-44E3-9DB1-582F601AC2E8}.Debug|ARM.Deploy.0 = Debug|Any CPU
		{E7F092C6-D3E2-44E3-9DB1-582F601AC2E8}.Debug|iPhone.ActiveCfg = Debug|Any CPU
		{E7F092C6-D3E2-44E3-9DB1-582F601AC2E8}.Debug|iPhone.Build.0 = Debug|Any CPU
		{E7F092C6-D3E2-44E3-9DB1-582F601AC2E8}.Debug|iPhone.Deploy.0 = Debug|Any CPU
		{E7F092C6-D3E2-44E3-9DB1-582F601AC2E8}.Debug|iPhoneSimulator.ActiveCfg = Debug|Any CPU
		{E7F092C6-D3E2-44E3-9DB1-582F601AC2E8}.Debug|iPhoneSimulator.Build.0 = Debug|Any CPU
		{E7F092C6-D3E2-44E3-9DB1-582F601AC2E8}.Debug|iPhoneSimulator.Deploy.0 = Debug|Any CPU
		{E7F092C6-D3E2-44E3-9DB1-582F601AC2E8}.Debug|x64.ActiveCfg = Debug|Any CPU
		{E7F092C6-D3E2-44E3-9DB1-582F601AC2E8}.Debug|x64.Build.0 = Debug|Any CPU
		{E7F092C6-D3E2-44E3-9DB1-582F601AC2E8}.Debug|x64.Deploy.0 = Debug|Any CPU
		{E7F092C6-D3E2-44E3-9DB1-582F601AC2E8}.Debug|x86.ActiveCfg = Debug|Any CPU
		{E7F092C6-D3E2-44E3-9DB1-582F601AC2E8}.Debug|x86.Build.0 = Debug|Any CPU
		{E7F092C6-D3E2-44E3-9DB1-582F601AC2E8}.Debug|x86.Deploy.0 = Debug|Any CPU
		{E7F092C6-D3E2-44E3-9DB1-582F601AC2E8}.Release|Any CPU.ActiveCfg = Release|Any CPU
		{E7F092C6-D3E2-44E3-9DB1-582F601AC2E8}.Release|Any CPU.Build.0 = Release|Any CPU
		{E7F092C6-D3E2-44E3-9DB1-582F601AC2E8}.Release|Any CPU.Deploy.0 = Release|Any CPU
		{E7F092C6-D3E2-44E3-9DB1-582F601AC2E8}.Release|ARM.ActiveCfg = Release|Any CPU
		{E7F092C6-D3E2-44E3-9DB1-582F601AC2E8}.Release|ARM.Build.0 = Release|Any CPU
		{E7F092C6-D3E2-44E3-9DB1-582F601AC2E8}.Release|ARM.Deploy.0 = Release|Any CPU
		{E7F092C6-D3E2-44E3-9DB1-582F601AC2E8}.Release|iPhone.ActiveCfg = Release|Any CPU
		{E7F092C6-D3E2-44E3-9DB1-582F601AC2E8}.Release|iPhone.Build.0 = Release|Any CPU
		{E7F092C6-D3E2-44E3-9DB1-582F601AC2E8}.Release|iPhone.Deploy.0 = Release|Any CPU
		{E7F092C6-D3E2-44E3-9DB1-582F601AC2E8}.Release|iPhoneSimulator.ActiveCfg = Release|Any CPU
		{E7F092C6-D3E2-44E3-9DB1-582F601AC2E8}.Release|iPhoneSimulator.Build.0 = Release|Any CPU
		{E7F092C6-D3E2-44E3-9DB1-582F601AC2E8}.Release|iPhoneSimulator.Deploy.0 = Release|Any CPU
		{E7F092C6-D3E2-44E3-9DB1-582F601AC2E8}.Release|x64.ActiveCfg = Release|Any CPU
		{E7F092C6-D3E2-44E3-9DB1-582F601AC2E8}.Release|x64.Build.0 = Release|Any CPU
		{E7F092C6-D3E2-44E3-9DB1-582F601AC2E8}.Release|x64.Deploy.0 = Release|Any CPU
		{E7F092C6-D3E2-44E3-9DB1-582F601AC2E8}.Release|x86.ActiveCfg = Release|Any CPU
		{E7F092C6-D3E2-44E3-9DB1-582F601AC2E8}.Release|x86.Build.0 = Release|Any CPU
		{E7F092C6-D3E2-44E3-9DB1-582F601AC2E8}.Release|x86.Deploy.0 = Release|Any CPU
		{94A5E694-4910-4BC1-A3A3-945BCCF310D3}.Ad-Hoc|Any CPU.ActiveCfg = Ad-Hoc|iPhone
		{94A5E694-4910-4BC1-A3A3-945BCCF310D3}.Ad-Hoc|ARM.ActiveCfg = Ad-Hoc|iPhone
		{94A5E694-4910-4BC1-A3A3-945BCCF310D3}.Ad-Hoc|iPhone.ActiveCfg = Ad-Hoc|iPhone
		{94A5E694-4910-4BC1-A3A3-945BCCF310D3}.Ad-Hoc|iPhone.Build.0 = Ad-Hoc|iPhone
		{94A5E694-4910-4BC1-A3A3-945BCCF310D3}.Ad-Hoc|iPhoneSimulator.ActiveCfg = Ad-Hoc|iPhoneSimulator
		{94A5E694-4910-4BC1-A3A3-945BCCF310D3}.Ad-Hoc|iPhoneSimulator.Build.0 = Ad-Hoc|iPhoneSimulator
		{94A5E694-4910-4BC1-A3A3-945BCCF310D3}.Ad-Hoc|x64.ActiveCfg = Ad-Hoc|iPhone
		{94A5E694-4910-4BC1-A3A3-945BCCF310D3}.Ad-Hoc|x86.ActiveCfg = Ad-Hoc|iPhone
		{94A5E694-4910-4BC1-A3A3-945BCCF310D3}.AppStore|Any CPU.ActiveCfg = AppStore|iPhone
		{94A5E694-4910-4BC1-A3A3-945BCCF310D3}.AppStore|ARM.ActiveCfg = AppStore|iPhone
		{94A5E694-4910-4BC1-A3A3-945BCCF310D3}.AppStore|iPhone.ActiveCfg = AppStore|iPhone
		{94A5E694-4910-4BC1-A3A3-945BCCF310D3}.AppStore|iPhone.Build.0 = AppStore|iPhone
		{94A5E694-4910-4BC1-A3A3-945BCCF310D3}.AppStore|iPhoneSimulator.ActiveCfg = AppStore|iPhoneSimulator
		{94A5E694-4910-4BC1-A3A3-945BCCF310D3}.AppStore|iPhoneSimulator.Build.0 = AppStore|iPhoneSimulator
		{94A5E694-4910-4BC1-A3A3-945BCCF310D3}.AppStore|x64.ActiveCfg = AppStore|iPhone
		{94A5E694-4910-4BC1-A3A3-945BCCF310D3}.AppStore|x86.ActiveCfg = AppStore|iPhone
		{94A5E694-4910-4BC1-A3A3-945BCCF310D3}.Debug|Any CPU.ActiveCfg = Debug|iPhone
		{94A5E694-4910-4BC1-A3A3-945BCCF310D3}.Debug|ARM.ActiveCfg = Debug|iPhone
		{94A5E694-4910-4BC1-A3A3-945BCCF310D3}.Debug|iPhone.ActiveCfg = Debug|iPhone
		{94A5E694-4910-4BC1-A3A3-945BCCF310D3}.Debug|iPhone.Build.0 = Debug|iPhone
		{94A5E694-4910-4BC1-A3A3-945BCCF310D3}.Debug|iPhoneSimulator.ActiveCfg = Debug|iPhoneSimulator
		{94A5E694-4910-4BC1-A3A3-945BCCF310D3}.Debug|iPhoneSimulator.Build.0 = Debug|iPhoneSimulator
		{94A5E694-4910-4BC1-A3A3-945BCCF310D3}.Debug|x64.ActiveCfg = Debug|iPhone
		{94A5E694-4910-4BC1-A3A3-945BCCF310D3}.Debug|x86.ActiveCfg = Debug|iPhone
		{94A5E694-4910-4BC1-A3A3-945BCCF310D3}.Release|Any CPU.ActiveCfg = Release|iPhone
		{94A5E694-4910-4BC1-A3A3-945BCCF310D3}.Release|ARM.ActiveCfg = Release|iPhone
		{94A5E694-4910-4BC1-A3A3-945BCCF310D3}.Release|iPhone.ActiveCfg = Release|iPhone
		{94A5E694-4910-4BC1-A3A3-945BCCF310D3}.Release|iPhone.Build.0 = Release|iPhone
		{94A5E694-4910-4BC1-A3A3-945BCCF310D3}.Release|iPhoneSimulator.ActiveCfg = Release|iPhoneSimulator
		{94A5E694-4910-4BC1-A3A3-945BCCF310D3}.Release|iPhoneSimulator.Build.0 = Release|iPhoneSimulator
		{94A5E694-4910-4BC1-A3A3-945BCCF310D3}.Release|x64.ActiveCfg = Release|iPhone
		{94A5E694-4910-4BC1-A3A3-945BCCF310D3}.Release|x86.ActiveCfg = Release|iPhone
		{6983D502-0415-4F68-A916-99D7E6F81EBB}.Ad-Hoc|Any CPU.ActiveCfg = Release|x64
		{6983D502-0415-4F68-A916-99D7E6F81EBB}.Ad-Hoc|Any CPU.Build.0 = Release|x64
		{6983D502-0415-4F68-A916-99D7E6F81EBB}.Ad-Hoc|Any CPU.Deploy.0 = Release|x64
		{6983D502-0415-4F68-A916-99D7E6F81EBB}.Ad-Hoc|ARM.ActiveCfg = Release|ARM
		{6983D502-0415-4F68-A916-99D7E6F81EBB}.Ad-Hoc|ARM.Build.0 = Release|ARM
		{6983D502-0415-4F68-A916-99D7E6F81EBB}.Ad-Hoc|ARM.Deploy.0 = Release|ARM
		{6983D502-0415-4F68-A916-99D7E6F81EBB}.Ad-Hoc|iPhone.ActiveCfg = Release|x64
		{6983D502-0415-4F68-A916-99D7E6F81EBB}.Ad-Hoc|iPhone.Build.0 = Release|x64
		{6983D502-0415-4F68-A916-99D7E6F81EBB}.Ad-Hoc|iPhone.Deploy.0 = Release|x64
		{6983D502-0415-4F68-A916-99D7E6F81EBB}.Ad-Hoc|iPhoneSimulator.ActiveCfg = Release|x64
		{6983D502-0415-4F68-A916-99D7E6F81EBB}.Ad-Hoc|iPhoneSimulator.Build.0 = Release|x64
		{6983D502-0415-4F68-A916-99D7E6F81EBB}.Ad-Hoc|iPhoneSimulator.Deploy.0 = Release|x64
		{6983D502-0415-4F68-A916-99D7E6F81EBB}.Ad-Hoc|x64.ActiveCfg = Release|x64
		{6983D502-0415-4F68-A916-99D7E6F81EBB}.Ad-Hoc|x64.Build.0 = Release|x64
		{6983D502-0415-4F68-A916-99D7E6F81EBB}.Ad-Hoc|x64.Deploy.0 = Release|x64
		{6983D502-0415-4F68-A916-99D7E6F81EBB}.Ad-Hoc|x86.ActiveCfg = Release|x86
		{6983D502-0415-4F68-A916-99D7E6F81EBB}.Ad-Hoc|x86.Build.0 = Release|x86
		{6983D502-0415-4F68-A916-99D7E6F81EBB}.Ad-Hoc|x86.Deploy.0 = Release|x86
		{6983D502-0415-4F68-A916-99D7E6F81EBB}.AppStore|Any CPU.ActiveCfg = Release|x64
		{6983D502-0415-4F68-A916-99D7E6F81EBB}.AppStore|Any CPU.Build.0 = Release|x64
		{6983D502-0415-4F68-A916-99D7E6F81EBB}.AppStore|Any CPU.Deploy.0 = Release|x64
		{6983D502-0415-4F68-A916-99D7E6F81EBB}.AppStore|ARM.ActiveCfg = Release|ARM
		{6983D502-0415-4F68-A916-99D7E6F81EBB}.AppStore|ARM.Build.0 = Release|ARM
		{6983D502-0415-4F68-A916-99D7E6F81EBB}.AppStore|ARM.Deploy.0 = Release|ARM
		{6983D502-0415-4F68-A916-99D7E6F81EBB}.AppStore|iPhone.ActiveCfg = Release|x64
		{6983D502-0415-4F68-A916-99D7E6F81EBB}.AppStore|iPhone.Build.0 = Release|x64
		{6983D502-0415-4F68-A916-99D7E6F81EBB}.AppStore|iPhone.Deploy.0 = Release|x64
		{6983D502-0415-4F68-A916-99D7E6F81EBB}.AppStore|iPhoneSimulator.ActiveCfg = Release|x64
		{6983D502-0415-4F68-A916-99D7E6F81EBB}.AppStore|iPhoneSimulator.Build.0 = Release|x64
		{6983D502-0415-4F68-A916-99D7E6F81EBB}.AppStore|iPhoneSimulator.Deploy.0 = Release|x64
		{6983D502-0415-4F68-A916-99D7E6F81EBB}.AppStore|x64.ActiveCfg = Release|x64
		{6983D502-0415-4F68-A916-99D7E6F81EBB}.AppStore|x64.Build.0 = Release|x64
		{6983D502-0415-4F68-A916-99D7E6F81EBB}.AppStore|x64.Deploy.0 = Release|x64
		{6983D502-0415-4F68-A916-99D7E6F81EBB}.AppStore|x86.ActiveCfg = Release|x86
		{6983D502-0415-4F68-A916-99D7E6F81EBB}.AppStore|x86.Build.0 = Release|x86
		{6983D502-0415-4F68-A916-99D7E6F81EBB}.AppStore|x86.Deploy.0 = Release|x86
		{6983D502-0415-4F68-A916-99D7E6F81EBB}.Debug|Any CPU.ActiveCfg = Debug|x86
		{6983D502-0415-4F68-A916-99D7E6F81EBB}.Debug|Any CPU.Build.0 = Debug|x86
		{6983D502-0415-4F68-A916-99D7E6F81EBB}.Debug|Any CPU.Deploy.0 = Debug|x86
		{6983D502-0415-4F68-A916-99D7E6F81EBB}.Debug|ARM.ActiveCfg = Debug|ARM
		{6983D502-0415-4F68-A916-99D7E6F81EBB}.Debug|ARM.Build.0 = Debug|ARM
		{6983D502-0415-4F68-A916-99D7E6F81EBB}.Debug|ARM.Deploy.0 = Debug|ARM
		{6983D502-0415-4F68-A916-99D7E6F81EBB}.Debug|iPhone.ActiveCfg = Debug|x86
		{6983D502-0415-4F68-A916-99D7E6F81EBB}.Debug|iPhoneSimulator.ActiveCfg = Debug|x86
		{6983D502-0415-4F68-A916-99D7E6F81EBB}.Debug|x64.ActiveCfg = Debug|x64
		{6983D502-0415-4F68-A916-99D7E6F81EBB}.Debug|x64.Build.0 = Debug|x64
		{6983D502-0415-4F68-A916-99D7E6F81EBB}.Debug|x64.Deploy.0 = Debug|x64
		{6983D502-0415-4F68-A916-99D7E6F81EBB}.Debug|x86.ActiveCfg = Debug|x86
		{6983D502-0415-4F68-A916-99D7E6F81EBB}.Debug|x86.Build.0 = Debug|x86
		{6983D502-0415-4F68-A916-99D7E6F81EBB}.Debug|x86.Deploy.0 = Debug|x86
		{6983D502-0415-4F68-A916-99D7E6F81EBB}.Release|Any CPU.ActiveCfg = Release|x86
		{6983D502-0415-4F68-A916-99D7E6F81EBB}.Release|ARM.ActiveCfg = Release|ARM
		{6983D502-0415-4F68-A916-99D7E6F81EBB}.Release|ARM.Build.0 = Release|ARM
		{6983D502-0415-4F68-A916-99D7E6F81EBB}.Release|ARM.Deploy.0 = Release|ARM
		{6983D502-0415-4F68-A916-99D7E6F81EBB}.Release|iPhone.ActiveCfg = Release|x86
		{6983D502-0415-4F68-A916-99D7E6F81EBB}.Release|iPhoneSimulator.ActiveCfg = Release|x86
		{6983D502-0415-4F68-A916-99D7E6F81EBB}.Release|x64.ActiveCfg = Release|x64
		{6983D502-0415-4F68-A916-99D7E6F81EBB}.Release|x64.Build.0 = Release|x64
		{6983D502-0415-4F68-A916-99D7E6F81EBB}.Release|x64.Deploy.0 = Release|x64
		{6983D502-0415-4F68-A916-99D7E6F81EBB}.Release|x86.ActiveCfg = Release|x86
		{6983D502-0415-4F68-A916-99D7E6F81EBB}.Release|x86.Build.0 = Release|x86
		{6983D502-0415-4F68-A916-99D7E6F81EBB}.Release|x86.Deploy.0 = Release|x86
		{45FA9BBA-0358-415C-9768-4184C5E2DE80}.Ad-Hoc|Any CPU.ActiveCfg = Debug|Any CPU
		{45FA9BBA-0358-415C-9768-4184C5E2DE80}.Ad-Hoc|Any CPU.Build.0 = Debug|Any CPU
		{45FA9BBA-0358-415C-9768-4184C5E2DE80}.Ad-Hoc|ARM.ActiveCfg = Debug|Any CPU
		{45FA9BBA-0358-415C-9768-4184C5E2DE80}.Ad-Hoc|ARM.Build.0 = Debug|Any CPU
		{45FA9BBA-0358-415C-9768-4184C5E2DE80}.Ad-Hoc|iPhone.ActiveCfg = Debug|Any CPU
		{45FA9BBA-0358-415C-9768-4184C5E2DE80}.Ad-Hoc|iPhone.Build.0 = Debug|Any CPU
		{45FA9BBA-0358-415C-9768-4184C5E2DE80}.Ad-Hoc|iPhoneSimulator.ActiveCfg = Debug|Any CPU
		{45FA9BBA-0358-415C-9768-4184C5E2DE80}.Ad-Hoc|iPhoneSimulator.Build.0 = Debug|Any CPU
		{45FA9BBA-0358-415C-9768-4184C5E2DE80}.Ad-Hoc|x64.ActiveCfg = Debug|Any CPU
		{45FA9BBA-0358-415C-9768-4184C5E2DE80}.Ad-Hoc|x64.Build.0 = Debug|Any CPU
		{45FA9BBA-0358-415C-9768-4184C5E2DE80}.Ad-Hoc|x86.ActiveCfg = Debug|Any CPU
		{45FA9BBA-0358-415C-9768-4184C5E2DE80}.Ad-Hoc|x86.Build.0 = Debug|Any CPU
		{45FA9BBA-0358-415C-9768-4184C5E2DE80}.AppStore|Any CPU.ActiveCfg = Debug|Any CPU
		{45FA9BBA-0358-415C-9768-4184C5E2DE80}.AppStore|Any CPU.Build.0 = Debug|Any CPU
		{45FA9BBA-0358-415C-9768-4184C5E2DE80}.AppStore|ARM.ActiveCfg = Debug|Any CPU
		{45FA9BBA-0358-415C-9768-4184C5E2DE80}.AppStore|ARM.Build.0 = Debug|Any CPU
		{45FA9BBA-0358-415C-9768-4184C5E2DE80}.AppStore|iPhone.ActiveCfg = Debug|Any CPU
		{45FA9BBA-0358-415C-9768-4184C5E2DE80}.AppStore|iPhone.Build.0 = Debug|Any CPU
		{45FA9BBA-0358-415C-9768-4184C5E2DE80}.AppStore|iPhoneSimulator.ActiveCfg = Debug|Any CPU
		{45FA9BBA-0358-415C-9768-4184C5E2DE80}.AppStore|iPhoneSimulator.Build.0 = Debug|Any CPU
		{45FA9BBA-0358-415C-9768-4184C5E2DE80}.AppStore|x64.ActiveCfg = Debug|Any CPU
		{45FA9BBA-0358-415C-9768-4184C5E2DE80}.AppStore|x64.Build.0 = Debug|Any CPU
		{45FA9BBA-0358-415C-9768-4184C5E2DE80}.AppStore|x86.ActiveCfg = Debug|Any CPU
		{45FA9BBA-0358-415C-9768-4184C5E2DE80}.AppStore|x86.Build.0 = Debug|Any CPU
		{45FA9BBA-0358-415C-9768-4184C5E2DE80}.Debug|Any CPU.ActiveCfg = Debug|Any CPU
		{45FA9BBA-0358-415C-9768-4184C5E2DE80}.Debug|ARM.ActiveCfg = Debug|Any CPU
		{45FA9BBA-0358-415C-9768-4184C5E2DE80}.Debug|ARM.Build.0 = Debug|Any CPU
		{45FA9BBA-0358-415C-9768-4184C5E2DE80}.Debug|iPhone.ActiveCfg = Debug|Any CPU
		{45FA9BBA-0358-415C-9768-4184C5E2DE80}.Debug|iPhone.Build.0 = Debug|Any CPU
		{45FA9BBA-0358-415C-9768-4184C5E2DE80}.Debug|iPhoneSimulator.ActiveCfg = Debug|Any CPU
		{45FA9BBA-0358-415C-9768-4184C5E2DE80}.Debug|iPhoneSimulator.Build.0 = Debug|Any CPU
		{45FA9BBA-0358-415C-9768-4184C5E2DE80}.Debug|x64.ActiveCfg = Debug|Any CPU
		{45FA9BBA-0358-415C-9768-4184C5E2DE80}.Debug|x64.Build.0 = Debug|Any CPU
		{45FA9BBA-0358-415C-9768-4184C5E2DE80}.Debug|x86.ActiveCfg = Debug|Any CPU
		{45FA9BBA-0358-415C-9768-4184C5E2DE80}.Debug|x86.Build.0 = Debug|Any CPU
		{45FA9BBA-0358-415C-9768-4184C5E2DE80}.Release|Any CPU.ActiveCfg = Release|Any CPU
		{45FA9BBA-0358-415C-9768-4184C5E2DE80}.Release|Any CPU.Build.0 = Release|Any CPU
		{45FA9BBA-0358-415C-9768-4184C5E2DE80}.Release|ARM.ActiveCfg = Release|Any CPU
		{45FA9BBA-0358-415C-9768-4184C5E2DE80}.Release|ARM.Build.0 = Release|Any CPU
		{45FA9BBA-0358-415C-9768-4184C5E2DE80}.Release|iPhone.ActiveCfg = Release|Any CPU
		{45FA9BBA-0358-415C-9768-4184C5E2DE80}.Release|iPhone.Build.0 = Release|Any CPU
		{45FA9BBA-0358-415C-9768-4184C5E2DE80}.Release|iPhoneSimulator.ActiveCfg = Release|Any CPU
		{45FA9BBA-0358-415C-9768-4184C5E2DE80}.Release|iPhoneSimulator.Build.0 = Release|Any CPU
		{45FA9BBA-0358-415C-9768-4184C5E2DE80}.Release|x64.ActiveCfg = Release|Any CPU
		{45FA9BBA-0358-415C-9768-4184C5E2DE80}.Release|x64.Build.0 = Release|Any CPU
		{45FA9BBA-0358-415C-9768-4184C5E2DE80}.Release|x86.ActiveCfg = Release|Any CPU
		{45FA9BBA-0358-415C-9768-4184C5E2DE80}.Release|x86.Build.0 = Release|Any CPU
	EndGlobalSection
	GlobalSection(SolutionProperties) = preSolution
		HideSolutionNode = FALSE
	EndGlobalSection
	GlobalSection(ExtensibilityGlobals) = postSolution
		SolutionGuid = {69BF0727-A3C5-4CDD-8871-654A8E251C6F}
	EndGlobalSection
EndGlobal
